{
    "_meta": {
        "hash": {
            "sha256": "dc86c0a61b13c6004d13de0ce5525c769f68281257e703d37ec95f3810ca0ac4"
        },
        "pipfile-spec": 6,
        "requires": {
            "python_version": "3.9"
        },
        "sources": [
            {
                "name": "pypi",
                "url": "https://pypi.org/simple",
                "verify_ssl": true
            }
        ]
    },
    "default": {
        "cowsay": {
            "hashes": [
                "sha256:7ec3ec1bb085cbb788b0de1e762941b4469faf41c6cdbec08a7ac072a7d1d6eb",
                "sha256:debde99bae664bd91487613223c1cb291170d8703bf7d524c3a4877ad37b4dad"
            ],
            "index": "pypi",
            "version": "==2.0.3"
        }
    },
    "develop": {}
}
