{
    "_meta": {
        "hash": {
            "sha256": "739743253b3599635c7ce1fc88a78710579e87838e4be813476b2ad349359aef"
        },
        "pipfile-spec": 6,
        "requires": {},
        "sources": [
            {
                "name": "pypi",
                "url": "https://pypi.org/simple",
                "verify_ssl": true
            }
        ]
    },
    "default": {
        "cowsay": {
            "hashes": [
                "sha256:7ec3ec1bb085cbb788b0de1e762941b4469faf41c6cdbec08a7ac072a7d1d6eb",
                "sha256:debde99bae664bd91487613223c1cb291170d8703bf7d524c3a4877ad37b4dad"
            ],
            "index": "pypi",
            "version": "==2.0.3"
        }
    },
    "develop": {}
}
